
Microsoft Visual Studio Solution File, Format Version 12.00
# Visual Studio 15
VisualStudioVersion = 15.0.27130.2027
MinimumVisualStudioVersion = 10.0.40219.1
Project("{2150E333-8FDC-42A3-9474-1A3956D46DE8}") = "src", "src", "{4E106ADB-6C85-4003-944E-54908DAB951A}"
EndProject
Project("{2150E333-8FDC-42A3-9474-1A3956D46DE8}") = "Solution Items", "Solution Items", "{9D1B13F3-2654-4DEF-818B-7A06D7EE6402}"
	ProjectSection(SolutionItems) = preProject
		appveyor.yml = appveyor.yml
		Build.ps1 = Build.ps1
		README.md = README.md
	EndProjectSection
EndProject
Project("{2150E333-8FDC-42A3-9474-1A3956D46DE8}") = "samples", "samples", "{4EBD2283-B993-4DB8-8D7B-AA8261164CAB}"
EndProject
Project("{9A19103F-16F7-4668-BE54-9A1E7A4F7556}") = "Serilog.Sinks.NUnit.Sample.NetCore", "samples\Serilog.Sinks.NUnit.Sample.NetCore\Serilog.Sinks.NUnit.Sample.NetCore.csproj", "{EB26533C-FCB7-4B4F-8A1F-29784473C614}"
EndProject
Project("{9A19103F-16F7-4668-BE54-9A1E7A4F7556}") = "Serilog.Sinks.NUnit", "src\Serilog.Sinks.NUnit\Serilog.Sinks.NUnit.csproj", "{F9760F54-E4C6-4F9F-8CF5-E077BE30DBB5}"
EndProject
Project("{FAE04EC0-301F-11D3-BF4B-00C04F79EFBC}") = "Serilog.Sinks.NUnit.Sample", "samples\Serilog.Sinks.NUnit.Sample\Serilog.Sinks.NUnit.Sample.csproj", "{9CB67D0F-1D1D-45EE-9D7E-3440D1B6A6B0}"
EndProject
Global
	GlobalSection(SolutionConfigurationPlatforms) = preSolution
		Debug|Any CPU = Debug|Any CPU
		Release|Any CPU = Release|Any CPU
	EndGlobalSection
	GlobalSection(ProjectConfigurationPlatforms) = postSolution
		{EB26533C-FCB7-4B4F-8A1F-29784473C614}.Debug|Any CPU.ActiveCfg = Debug|Any CPU
		{EB26533C-FCB7-4B4F-8A1F-29784473C614}.Debug|Any CPU.Build.0 = Debug|Any CPU
		{EB26533C-FCB7-4B4F-8A1F-29784473C614}.Release|Any CPU.ActiveCfg = Release|Any CPU
		{EB26533C-FCB7-4B4F-8A1F-29784473C614}.Release|Any CPU.Build.0 = Release|Any CPU
		{F9760F54-E4C6-4F9F-8CF5-E077BE30DBB5}.Debug|Any CPU.ActiveCfg = Debug|Any CPU
		{F9760F54-E4C6-4F9F-8CF5-E077BE30DBB5}.Debug|Any CPU.Build.0 = Debug|Any CPU
		{F9760F54-E4C6-4F9F-8CF5-E077BE30DBB5}.Release|Any CPU.ActiveCfg = Release|Any CPU
		{F9760F54-E4C6-4F9F-8CF5-E077BE30DBB5}.Release|Any CPU.Build.0 = Release|Any CPU
		{9CB67D0F-1D1D-45EE-9D7E-3440D1B6A6B0}.Debug|Any CPU.ActiveCfg = Debug|Any CPU
		{9CB67D0F-1D1D-45EE-9D7E-3440D1B6A6B0}.Debug|Any CPU.Build.0 = Debug|Any CPU
		{9CB67D0F-1D1D-45EE-9D7E-3440D1B6A6B0}.Release|Any CPU.ActiveCfg = Release|Any CPU
		{9CB67D0F-1D1D-45EE-9D7E-3440D1B6A6B0}.Release|Any CPU.Build.0 = Release|Any CPU
	EndGlobalSection
	GlobalSection(SolutionProperties) = preSolution
		HideSolutionNode = FALSE
	EndGlobalSection
	GlobalSection(NestedProjects) = preSolution
		{EB26533C-FCB7-4B4F-8A1F-29784473C614} = {4EBD2283-B993-4DB8-8D7B-AA8261164CAB}
		{F9760F54-E4C6-4F9F-8CF5-E077BE30DBB5} = {4E106ADB-6C85-4003-944E-54908DAB951A}
		{9CB67D0F-1D1D-45EE-9D7E-3440D1B6A6B0} = {4EBD2283-B993-4DB8-8D7B-AA8261164CAB}
	EndGlobalSection
	GlobalSection(ExtensibilityGlobals) = postSolution
		SolutionGuid = {AE7B6E2F-C066-41B3-AA51-61D11C2FCE94}
	EndGlobalSection
EndGlobal
